
Microsoft Visual Studio Solution File, Format Version 12.00
# Visual Studio 14
VisualStudioVersion = 14.0.25420.1
MinimumVisualStudioVersion = 10.0.40219.1
Project("{FAE04EC0-301F-11D3-BF4B-00C04F79EFBC}") = "XamarinSetupDemo.Droid", "XamarinSetupDemo\XamarinSetupDemo.Droid\XamarinSetupDemo.Droid.csproj", "{B2E899D4-8C74-433B-A59D-AEE842BA06F1}"
EndProject
Project("{FAE04EC0-301F-11D3-BF4B-00C04F79EFBC}") = "XamarinSetupDemo.iOS", "XamarinSetupDemo\XamarinSetupDemo.iOS\XamarinSetupDemo.iOS.csproj", "{5B06C37F-5D89-4FA3-8E1F-6C10E69578C4}"
EndProject
Project("{FAE04EC0-301F-11D3-BF4B-00C04F79EFBC}") = "XamarinSetupDemo.WinPhone", "XamarinSetupDemo\XamarinSetupDemo.WinPhone\XamarinSetupDemo.WinPhone.csproj", "{93656227-7D94-49AC-8CB3-5F9B6237F131}"
EndProject
Project("{FAE04EC0-301F-11D3-BF4B-00C04F79EFBC}") = "XamarinSetupDemo.UWP", "XamarinSetupDemo\XamarinSetupDemo.UWP\XamarinSetupDemo.UWP.csproj", "{56A98188-0C3D-456C-8617-9BB2D8FE7061}"
EndProject
Project("{FAE04EC0-301F-11D3-BF4B-00C04F79EFBC}") = "XamarinSetupDemo.Windows", "XamarinSetupDemo\XamarinSetupDemo.Windows\XamarinSetupDemo.Windows.csproj", "{9C4E80F3-C4E4-4AC2-822F-143AFC11C858}"
EndProject
Project("{FAE04EC0-301F-11D3-BF4B-00C04F79EFBC}") = "XamarinSetupDemo", "XamarinSetupDemo\XamarinSetupDemo\XamarinSetupDemo.csproj", "{B115841B-18EE-4778-95F6-FE9DD6BF19EE}"
EndProject
Global
	GlobalSection(SolutionConfigurationPlatforms) = preSolution
		Ad-Hoc|Any CPU = Ad-Hoc|Any CPU
		Ad-Hoc|ARM = Ad-Hoc|ARM
		Ad-Hoc|iPhone = Ad-Hoc|iPhone
		Ad-Hoc|iPhoneSimulator = Ad-Hoc|iPhoneSimulator
		Ad-Hoc|x64 = Ad-Hoc|x64
		Ad-Hoc|x86 = Ad-Hoc|x86
		AppStore|Any CPU = AppStore|Any CPU
		AppStore|ARM = AppStore|ARM
		AppStore|iPhone = AppStore|iPhone
		AppStore|iPhoneSimulator = AppStore|iPhoneSimulator
		AppStore|x64 = AppStore|x64
		AppStore|x86 = AppStore|x86
		Debug|Any CPU = Debug|Any CPU
		Debug|ARM = Debug|ARM
		Debug|iPhone = Debug|iPhone
		Debug|iPhoneSimulator = Debug|iPhoneSimulator
		Debug|x64 = Debug|x64
		Debug|x86 = Debug|x86
		Release|Any CPU = Release|Any CPU
		Release|ARM = Release|ARM
		Release|iPhone = Release|iPhone
		Release|iPhoneSimulator = Release|iPhoneSimulator
		Release|x64 = Release|x64
		Release|x86 = Release|x86
	EndGlobalSection
	GlobalSection(ProjectConfigurationPlatforms) = postSolution
		{B2E899D4-8C74-433B-A59D-AEE842BA06F1}.Ad-Hoc|Any CPU.ActiveCfg = Release|Any CPU
		{B2E899D4-8C74-433B-A59D-AEE842BA06F1}.Ad-Hoc|Any CPU.Build.0 = Release|Any CPU
		{B2E899D4-8C74-433B-A59D-AEE842BA06F1}.Ad-Hoc|Any CPU.Deploy.0 = Release|Any CPU
		{B2E899D4-8C74-433B-A59D-AEE842BA06F1}.Ad-Hoc|ARM.ActiveCfg = Release|Any CPU
		{B2E899D4-8C74-433B-A59D-AEE842BA06F1}.Ad-Hoc|ARM.Build.0 = Release|Any CPU
		{B2E899D4-8C74-433B-A59D-AEE842BA06F1}.Ad-Hoc|ARM.Deploy.0 = Release|Any CPU
		{B2E899D4-8C74-433B-A59D-AEE842BA06F1}.Ad-Hoc|iPhone.ActiveCfg = Release|Any CPU
		{B2E899D4-8C74-433B-A59D-AEE842BA06F1}.Ad-Hoc|iPhone.Build.0 = Release|Any CPU
		{B2E899D4-8C74-433B-A59D-AEE842BA06F1}.Ad-Hoc|iPhone.Deploy.0 = Release|Any CPU
		{B2E899D4-8C74-433B-A59D-AEE842BA06F1}.Ad-Hoc|iPhoneSimulator.ActiveCfg = Release|Any CPU
		{B2E899D4-8C74-433B-A59D-AEE842BA06F1}.Ad-Hoc|iPhoneSimulator.Build.0 = Release|Any CPU
		{B2E899D4-8C74-433B-A59D-AEE842BA06F1}.Ad-Hoc|iPhoneSimulator.Deploy.0 = Release|Any CPU
		{B2E899D4-8C74-433B-A59D-AEE842BA06F1}.Ad-Hoc|x64.ActiveCfg = Release|Any CPU
		{B2E899D4-8C74-433B-A59D-AEE842BA06F1}.Ad-Hoc|x64.Build.0 = Release|Any CPU
		{B2E899D4-8C74-433B-A59D-AEE842BA06F1}.Ad-Hoc|x64.Deploy.0 = Release|Any CPU
		{B2E899D4-8C74-433B-A59D-AEE842BA06F1}.Ad-Hoc|x86.ActiveCfg = Release|Any CPU
		{B2E899D4-8C74-433B-A59D-AEE842BA06F1}.Ad-Hoc|x86.Build.0 = Release|Any CPU
		{B2E899D4-8C74-433B-A59D-AEE842BA06F1}.Ad-Hoc|x86.Deploy.0 = Release|Any CPU
		{B2E899D4-8C74-433B-A59D-AEE842BA06F1}.AppStore|Any CPU.ActiveCfg = Release|Any CPU
		{B2E899D4-8C74-433B-A59D-AEE842BA06F1}.AppStore|Any CPU.Build.0 = Release|Any CPU
		{B2E899D4-8C74-433B-A59D-AEE842BA06F1}.AppStore|Any CPU.Deploy.0 = Release|Any CPU
		{B2E899D4-8C74-433B-A59D-AEE842BA06F1}.AppStore|ARM.ActiveCfg = Release|Any CPU
		{B2E899D4-8C74-433B-A59D-AEE842BA06F1}.AppStore|ARM.Build.0 = Release|Any CPU
		{B2E899D4-8C74-433B-A59D-AEE842BA06F1}.AppStore|ARM.Deploy.0 = Release|Any CPU
		{B2E899D4-8C74-433B-A59D-AEE842BA06F1}.AppStore|iPhone.ActiveCfg = Release|Any CPU
		{B2E899D4-8C74-433B-A59D-AEE842BA06F1}.AppStore|iPhone.Build.0 = Release|Any CPU
		{B2E899D4-8C74-433B-A59D-AEE842BA06F1}.AppStore|iPhone.Deploy.0 = Release|Any CPU
		{B2E899D4-8C74-433B-A59D-AEE842BA06F1}.AppStore|iPhoneSimulator.ActiveCfg = Release|Any CPU
		{B2E899D4-8C74-433B-A59D-AEE842BA06F1}.AppStore|iPhoneSimulator.Build.0 = Release|Any CPU
		{B2E899D4-8C74-433B-A59D-AEE842BA06F1}.AppStore|iPhoneSimulator.Deploy.0 = Release|Any CPU
		{B2E899D4-8C74-433B-A59D-AEE842BA06F1}.AppStore|x64.ActiveCfg = Release|Any CPU
		{B2E899D4-8C74-433B-A59D-AEE842BA06F1}.AppStore|x64.Build.0 = Release|Any CPU
		{B2E899D4-8C74-433B-A59D-AEE842BA06F1}.AppStore|x64.Deploy.0 = Release|Any CPU
		{B2E899D4-8C74-433B-A59D-AEE842BA06F1}.AppStore|x86.ActiveCfg = Release|Any CPU
		{B2E899D4-8C74-433B-A59D-AEE842BA06F1}.AppStore|x86.Build.0 = Release|Any CPU
		{B2E899D4-8C74-433B-A59D-AEE842BA06F1}.AppStore|x86.Deploy.0 = Release|Any CPU
		{B2E899D4-8C74-433B-A59D-AEE842BA06F1}.Debug|Any CPU.ActiveCfg = Debug|Any CPU
		{B2E899D4-8C74-433B-A59D-AEE842BA06F1}.Debug|Any CPU.Build.0 = Debug|Any CPU
		{B2E899D4-8C74-433B-A59D-AEE842BA06F1}.Debug|Any CPU.Deploy.0 = Debug|Any CPU
		{B2E899D4-8C74-433B-A59D-AEE842BA06F1}.Debug|ARM.ActiveCfg = Debug|Any CPU
		{B2E899D4-8C74-433B-A59D-AEE842BA06F1}.Debug|ARM.Build.0 = Debug|Any CPU
		{B2E899D4-8C74-433B-A59D-AEE842BA06F1}.Debug|ARM.Deploy.0 = Debug|Any CPU
		{B2E899D4-8C74-433B-A59D-AEE842BA06F1}.Debug|iPhone.ActiveCfg = Debug|Any CPU
		{B2E899D4-8C74-433B-A59D-AEE842BA06F1}.Debug|iPhone.Build.0 = Debug|Any CPU
		{B2E899D4-8C74-433B-A59D-AEE842BA06F1}.Debug|iPhone.Deploy.0 = Debug|Any CPU
		{B2E899D4-8C74-433B-A59D-AEE842BA06F1}.Debug|iPhoneSimulator.ActiveCfg = Debug|Any CPU
		{B2E899D4-8C74-433B-A59D-AEE842BA06F1}.Debug|iPhoneSimulator.Build.0 = Debug|Any CPU
		{B2E899D4-8C74-433B-A59D-AEE842BA06F1}.Debug|iPhoneSimulator.Deploy.0 = Debug|Any CPU
		{B2E899D4-8C74-433B-A59D-AEE842BA06F1}.Debug|x64.ActiveCfg = Debug|Any CPU
		{B2E899D4-8C74-433B-A59D-AEE842BA06F1}.Debug|x64.Build.0 = Debug|Any CPU
		{B2E899D4-8C74-433B-A59D-AEE842BA06F1}.Debug|x64.Deploy.0 = Debug|Any CPU
		{B2E899D4-8C74-433B-A59D-AEE842BA06F1}.Debug|x86.ActiveCfg = Debug|Any CPU
		{B2E899D4-8C74-433B-A59D-AEE842BA06F1}.Debug|x86.Build.0 = Debug|Any CPU
		{B2E899D4-8C74-433B-A59D-AEE842BA06F1}.Debug|x86.Deploy.0 = Debug|Any CPU
		{B2E899D4-8C74-433B-A59D-AEE842BA06F1}.Release|Any CPU.ActiveCfg = Release|Any CPU
		{B2E899D4-8C74-433B-A59D-AEE842BA06F1}.Release|Any CPU.Build.0 = Release|Any CPU
		{B2E899D4-8C74-433B-A59D-AEE842BA06F1}.Release|Any CPU.Deploy.0 = Release|Any CPU
		{B2E899D4-8C74-433B-A59D-AEE842BA06F1}.Release|ARM.ActiveCfg = Release|Any CPU
		{B2E899D4-8C74-433B-A59D-AEE842BA06F1}.Release|ARM.Build.0 = Release|Any CPU
		{B2E899D4-8C74-433B-A59D-AEE842BA06F1}.Release|ARM.Deploy.0 = Release|Any CPU
		{B2E899D4-8C74-433B-A59D-AEE842BA06F1}.Release|iPhone.ActiveCfg = Release|Any CPU
		{B2E899D4-8C74-433B-A59D-AEE842BA06F1}.Release|iPhone.Build.0 = Release|Any CPU
		{B2E899D4-8C74-433B-A59D-AEE842BA06F1}.Release|iPhone.Deploy.0 = Release|Any CPU
		{B2E899D4-8C74-433B-A59D-AEE842BA06F1}.Release|iPhoneSimulator.ActiveCfg = Release|Any CPU
		{B2E899D4-8C74-433B-A59D-AEE842BA06F1}.Release|iPhoneSimulator.Build.0 = Release|Any CPU
		{B2E899D4-8C74-433B-A59D-AEE842BA06F1}.Release|iPhoneSimulator.Deploy.0 = Release|Any CPU
		{B2E899D4-8C74-433B-A59D-AEE842BA06F1}.Release|x64.ActiveCfg = Release|Any CPU
		{B2E899D4-8C74-433B-A59D-AEE842BA06F1}.Release|x64.Build.0 = Release|Any CPU
		{B2E899D4-8C74-433B-A59D-AEE842BA06F1}.Release|x64.Deploy.0 = Release|Any CPU
		{B2E899D4-8C74-433B-A59D-AEE842BA06F1}.Release|x86.ActiveCfg = Release|Any CPU
		{B2E899D4-8C74-433B-A59D-AEE842BA06F1}.Release|x86.Build.0 = Release|Any CPU
		{B2E899D4-8C74-433B-A59D-AEE842BA06F1}.Release|x86.Deploy.0 = Release|Any CPU
		{5B06C37F-5D89-4FA3-8E1F-6C10E69578C4}.Ad-Hoc|Any CPU.ActiveCfg = Ad-Hoc|iPhone
		{5B06C37F-5D89-4FA3-8E1F-6C10E69578C4}.Ad-Hoc|ARM.ActiveCfg = Ad-Hoc|iPhone
		{5B06C37F-5D89-4FA3-8E1F-6C10E69578C4}.Ad-Hoc|iPhone.ActiveCfg = Ad-Hoc|iPhone
		{5B06C37F-5D89-4FA3-8E1F-6C10E69578C4}.Ad-Hoc|iPhone.Build.0 = Ad-Hoc|iPhone
		{5B06C37F-5D89-4FA3-8E1F-6C10E69578C4}.Ad-Hoc|iPhoneSimulator.ActiveCfg = Ad-Hoc|iPhoneSimulator
		{5B06C37F-5D89-4FA3-8E1F-6C10E69578C4}.Ad-Hoc|iPhoneSimulator.Build.0 = Ad-Hoc|iPhoneSimulator
		{5B06C37F-5D89-4FA3-8E1F-6C10E69578C4}.Ad-Hoc|x64.ActiveCfg = Ad-Hoc|iPhone
		{5B06C37F-5D89-4FA3-8E1F-6C10E69578C4}.Ad-Hoc|x86.ActiveCfg = Ad-Hoc|iPhone
		{5B06C37F-5D89-4FA3-8E1F-6C10E69578C4}.AppStore|Any CPU.ActiveCfg = AppStore|iPhone
		{5B06C37F-5D89-4FA3-8E1F-6C10E69578C4}.AppStore|ARM.ActiveCfg = AppStore|iPhone
		{5B06C37F-5D89-4FA3-8E1F-6C10E69578C4}.AppStore|iPhone.ActiveCfg = AppStore|iPhone
		{5B06C37F-5D89-4FA3-8E1F-6C10E69578C4}.AppStore|iPhone.Build.0 = AppStore|iPhone
		{5B06C37F-5D89-4FA3-8E1F-6C10E69578C4}.AppStore|iPhoneSimulator.ActiveCfg = AppStore|iPhoneSimulator
		{5B06C37F-5D89-4FA3-8E1F-6C10E69578C4}.AppStore|iPhoneSimulator.Build.0 = AppStore|iPhoneSimulator
		{5B06C37F-5D89-4FA3-8E1F-6C10E69578C4}.AppStore|x64.ActiveCfg = AppStore|iPhone
		{5B06C37F-5D89-4FA3-8E1F-6C10E69578C4}.AppStore|x86.ActiveCfg = AppStore|iPhone
		{5B06C37F-5D89-4FA3-8E1F-6C10E69578C4}.Debug|Any CPU.ActiveCfg = Debug|iPhone
		{5B06C37F-5D89-4FA3-8E1F-6C10E69578C4}.Debug|ARM.ActiveCfg = Debug|iPhone
		{5B06C37F-5D89-4FA3-8E1F-6C10E69578C4}.Debug|iPhone.ActiveCfg = Debug|iPhone
		{5B06C37F-5D89-4FA3-8E1F-6C10E69578C4}.Debug|iPhone.Build.0 = Debug|iPhone
		{5B06C37F-5D89-4FA3-8E1F-6C10E69578C4}.Debug|iPhoneSimulator.ActiveCfg = Debug|iPhoneSimulator
		{5B06C37F-5D89-4FA3-8E1F-6C10E69578C4}.Debug|iPhoneSimulator.Build.0 = Debug|iPhoneSimulator
		{5B06C37F-5D89-4FA3-8E1F-6C10E69578C4}.Debug|x64.ActiveCfg = Debug|iPhone
		{5B06C37F-5D89-4FA3-8E1F-6C10E69578C4}.Debug|x86.ActiveCfg = Debug|iPhone
		{5B06C37F-5D89-4FA3-8E1F-6C10E69578C4}.Release|Any CPU.ActiveCfg = Release|iPhone
		{5B06C37F-5D89-4FA3-8E1F-6C10E69578C4}.Release|ARM.ActiveCfg = Release|iPhone
		{5B06C37F-5D89-4FA3-8E1F-6C10E69578C4}.Release|iPhone.ActiveCfg = Release|iPhone
		{5B06C37F-5D89-4FA3-8E1F-6C10E69578C4}.Release|iPhone.Build.0 = Release|iPhone
		{5B06C37F-5D89-4FA3-8E1F-6C10E69578C4}.Release|iPhoneSimulator.ActiveCfg = Release|iPhoneSimulator
		{5B06C37F-5D89-4FA3-8E1F-6C10E69578C4}.Release|iPhoneSimulator.Build.0 = Release|iPhoneSimulator
		{5B06C37F-5D89-4FA3-8E1F-6C10E69578C4}.Release|x64.ActiveCfg = Release|iPhone
		{5B06C37F-5D89-4FA3-8E1F-6C10E69578C4}.Release|x86.ActiveCfg = Release|iPhone
		{93656227-7D94-49AC-8CB3-5F9B6237F131}.Ad-Hoc|Any CPU.ActiveCfg = Release|Any CPU
		{93656227-7D94-49AC-8CB3-5F9B6237F131}.Ad-Hoc|Any CPU.Build.0 = Release|Any CPU
		{93656227-7D94-49AC-8CB3-5F9B6237F131}.Ad-Hoc|Any CPU.Deploy.0 = Release|Any CPU
		{93656227-7D94-49AC-8CB3-5F9B6237F131}.Ad-Hoc|ARM.ActiveCfg = Release|ARM
		{93656227-7D94-49AC-8CB3-5F9B6237F131}.Ad-Hoc|ARM.Build.0 = Release|ARM
		{93656227-7D94-49AC-8CB3-5F9B6237F131}.Ad-Hoc|ARM.Deploy.0 = Release|ARM
		{93656227-7D94-49AC-8CB3-5F9B6237F131}.Ad-Hoc|iPhone.ActiveCfg = Release|Any CPU
		{93656227-7D94-49AC-8CB3-5F9B6237F131}.Ad-Hoc|iPhone.Build.0 = Release|Any CPU
		{93656227-7D94-49AC-8CB3-5F9B6237F131}.Ad-Hoc|iPhone.Deploy.0 = Release|Any CPU
		{93656227-7D94-49AC-8CB3-5F9B6237F131}.Ad-Hoc|iPhoneSimulator.ActiveCfg = Release|Any CPU
		{93656227-7D94-49AC-8CB3-5F9B6237F131}.Ad-Hoc|iPhoneSimulator.Build.0 = Release|Any CPU
		{93656227-7D94-49AC-8CB3-5F9B6237F131}.Ad-Hoc|iPhoneSimulator.Deploy.0 = Release|Any CPU
		{93656227-7D94-49AC-8CB3-5F9B6237F131}.Ad-Hoc|x64.ActiveCfg = Release|Any CPU
		{93656227-7D94-49AC-8CB3-5F9B6237F131}.Ad-Hoc|x64.Build.0 = Release|Any CPU
		{93656227-7D94-49AC-8CB3-5F9B6237F131}.Ad-Hoc|x64.Deploy.0 = Release|Any CPU
		{93656227-7D94-49AC-8CB3-5F9B6237F131}.Ad-Hoc|x86.ActiveCfg = Release|x86
		{93656227-7D94-49AC-8CB3-5F9B6237F131}.Ad-Hoc|x86.Build.0 = Release|x86
		{93656227-7D94-49AC-8CB3-5F9B6237F131}.Ad-Hoc|x86.Deploy.0 = Release|x86
		{93656227-7D94-49AC-8CB3-5F9B6237F131}.AppStore|Any CPU.ActiveCfg = Release|Any CPU
		{93656227-7D94-49AC-8CB3-5F9B6237F131}.AppStore|Any CPU.Build.0 = Release|Any CPU
		{93656227-7D94-49AC-8CB3-5F9B6237F131}.AppStore|Any CPU.Deploy.0 = Release|Any CPU
		{93656227-7D94-49AC-8CB3-5F9B6237F131}.AppStore|ARM.ActiveCfg = Release|ARM
		{93656227-7D94-49AC-8CB3-5F9B6237F131}.AppStore|ARM.Build.0 = Release|ARM
		{93656227-7D94-49AC-8CB3-5F9B6237F131}.AppStore|ARM.Deploy.0 = Release|ARM
		{93656227-7D94-49AC-8CB3-5F9B6237F131}.AppStore|iPhone.ActiveCfg = Release|Any CPU
		{93656227-7D94-49AC-8CB3-5F9B6237F131}.AppStore|iPhone.Build.0 = Release|Any CPU
		{93656227-7D94-49AC-8CB3-5F9B6237F131}.AppStore|iPhone.Deploy.0 = Release|Any CPU
		{93656227-7D94-49AC-8CB3-5F9B6237F131}.AppStore|iPhoneSimulator.ActiveCfg = Release|Any CPU
		{93656227-7D94-49AC-8CB3-5F9B6237F131}.AppStore|iPhoneSimulator.Build.0 = Release|Any CPU
		{93656227-7D94-49AC-8CB3-5F9B6237F131}.AppStore|iPhoneSimulator.Deploy.0 = Release|Any CPU
		{93656227-7D94-49AC-8CB3-5F9B6237F131}.AppStore|x64.ActiveCfg = Release|Any CPU
		{93656227-7D94-49AC-8CB3-5F9B6237F131}.AppStore|x64.Build.0 = Release|Any CPU
		{93656227-7D94-49AC-8CB3-5F9B6237F131}.AppStore|x64.Deploy.0 = Release|Any CPU
		{93656227-7D94-49AC-8CB3-5F9B6237F131}.AppStore|x86.ActiveCfg = Release|x86
		{93656227-7D94-49AC-8CB3-5F9B6237F131}.AppStore|x86.Build.0 = Release|x86
		{93656227-7D94-49AC-8CB3-5F9B6237F131}.AppStore|x86.Deploy.0 = Release|x86
		{93656227-7D94-49AC-8CB3-5F9B6237F131}.Debug|Any CPU.ActiveCfg = Debug|Any CPU
		{93656227-7D94-49AC-8CB3-5F9B6237F131}.Debug|Any CPU.Build.0 = Debug|Any CPU
		{93656227-7D94-49AC-8CB3-5F9B6237F131}.Debug|Any CPU.Deploy.0 = Debug|Any CPU
		{93656227-7D94-49AC-8CB3-5F9B6237F131}.Debug|ARM.ActiveCfg = Debug|ARM
		{93656227-7D94-49AC-8CB3-5F9B6237F131}.Debug|ARM.Build.0 = Debug|ARM
		{93656227-7D94-49AC-8CB3-5F9B6237F131}.Debug|ARM.Deploy.0 = Debug|ARM
		{93656227-7D94-49AC-8CB3-5F9B6237F131}.Debug|iPhone.ActiveCfg = Debug|Any CPU
		{93656227-7D94-49AC-8CB3-5F9B6237F131}.Debug|iPhone.Build.0 = Debug|Any CPU
		{93656227-7D94-49AC-8CB3-5F9B6237F131}.Debug|iPhone.Deploy.0 = Debug|Any CPU
		{93656227-7D94-49AC-8CB3-5F9B6237F131}.Debug|iPhoneSimulator.ActiveCfg = Debug|Any CPU
		{93656227-7D94-49AC-8CB3-5F9B6237F131}.Debug|iPhoneSimulator.Build.0 = Debug|Any CPU
		{93656227-7D94-49AC-8CB3-5F9B6237F131}.Debug|iPhoneSimulator.Deploy.0 = Debug|Any CPU
		{93656227-7D94-49AC-8CB3-5F9B6237F131}.Debug|x64.ActiveCfg = Debug|Any CPU
		{93656227-7D94-49AC-8CB3-5F9B6237F131}.Debug|x64.Build.0 = Debug|Any CPU
		{93656227-7D94-49AC-8CB3-5F9B6237F131}.Debug|x64.Deploy.0 = Debug|Any CPU
		{93656227-7D94-49AC-8CB3-5F9B6237F131}.Debug|x86.ActiveCfg = Debug|x86
		{93656227-7D94-49AC-8CB3-5F9B6237F131}.Debug|x86.Build.0 = Debug|x86
		{93656227-7D94-49AC-8CB3-5F9B6237F131}.Debug|x86.Deploy.0 = Debug|x86
		{93656227-7D94-49AC-8CB3-5F9B6237F131}.Release|Any CPU.ActiveCfg = Release|Any CPU
		{93656227-7D94-49AC-8CB3-5F9B6237F131}.Release|Any CPU.Build.0 = Release|Any CPU
		{93656227-7D94-49AC-8CB3-5F9B6237F131}.Release|Any CPU.Deploy.0 = Release|Any CPU
		{93656227-7D94-49AC-8CB3-5F9B6237F131}.Release|ARM.ActiveCfg = Release|ARM
		{93656227-7D94-49AC-8CB3-5F9B6237F131}.Release|ARM.Build.0 = Release|ARM
		{93656227-7D94-49AC-8CB3-5F9B6237F131}.Release|ARM.Deploy.0 = Release|ARM
		{93656227-7D94-49AC-8CB3-5F9B6237F131}.Release|iPhone.ActiveCfg = Release|Any CPU
		{93656227-7D94-49AC-8CB3-5F9B6237F131}.Release|iPhone.Build.0 = Release|Any CPU
		{93656227-7D94-49AC-8CB3-5F9B6237F131}.Release|iPhone.Deploy.0 = Release|Any CPU
		{93656227-7D94-49AC-8CB3-5F9B6237F131}.Release|iPhoneSimulator.ActiveCfg = Release|Any CPU
		{93656227-7D94-49AC-8CB3-5F9B6237F131}.Release|iPhoneSimulator.Build.0 = Release|Any CPU
		{93656227-7D94-49AC-8CB3-5F9B6237F131}.Release|iPhoneSimulator.Deploy.0 = Release|Any CPU
		{93656227-7D94-49AC-8CB3-5F9B6237F131}.Release|x64.ActiveCfg = Release|Any CPU
		{93656227-7D94-49AC-8CB3-5F9B6237F131}.Release|x64.Build.0 = Release|Any CPU
		{93656227-7D94-49AC-8CB3-5F9B6237F131}.Release|x64.Deploy.0 = Release|Any CPU
		{93656227-7D94-49AC-8CB3-5F9B6237F131}.Release|x86.ActiveCfg = Release|x86
		{93656227-7D94-49AC-8CB3-5F9B6237F131}.Release|x86.Build.0 = Release|x86
		{93656227-7D94-49AC-8CB3-5F9B6237F131}.Release|x86.Deploy.0 = Release|x86
		{56A98188-0C3D-456C-8617-9BB2D8FE7061}.Ad-Hoc|Any CPU.ActiveCfg = Release|x86
		{56A98188-0C3D-456C-8617-9BB2D8FE7061}.Ad-Hoc|Any CPU.Build.0 = Release|x86
		{56A98188-0C3D-456C-8617-9BB2D8FE7061}.Ad-Hoc|Any CPU.Deploy.0 = Release|x86
		{56A98188-0C3D-456C-8617-9BB2D8FE7061}.Ad-Hoc|ARM.ActiveCfg = Release|ARM
		{56A98188-0C3D-456C-8617-9BB2D8FE7061}.Ad-Hoc|ARM.Build.0 = Release|ARM
		{56A98188-0C3D-456C-8617-9BB2D8FE7061}.Ad-Hoc|ARM.Deploy.0 = Release|ARM
		{56A98188-0C3D-456C-8617-9BB2D8FE7061}.Ad-Hoc|iPhone.ActiveCfg = Release|x86
		{56A98188-0C3D-456C-8617-9BB2D8FE7061}.Ad-Hoc|iPhone.Build.0 = Release|x86
		{56A98188-0C3D-456C-8617-9BB2D8FE7061}.Ad-Hoc|iPhone.Deploy.0 = Release|x86
		{56A98188-0C3D-456C-8617-9BB2D8FE7061}.Ad-Hoc|iPhoneSimulator.ActiveCfg = Release|x86
		{56A98188-0C3D-456C-8617-9BB2D8FE7061}.Ad-Hoc|iPhoneSimulator.Build.0 = Release|x86
		{56A98188-0C3D-456C-8617-9BB2D8FE7061}.Ad-Hoc|iPhoneSimulator.Deploy.0 = Release|x86
		{56A98188-0C3D-456C-8617-9BB2D8FE7061}.Ad-Hoc|x64.ActiveCfg = Release|x64
		{56A98188-0C3D-456C-8617-9BB2D8FE7061}.Ad-Hoc|x64.Build.0 = Release|x64
		{56A98188-0C3D-456C-8617-9BB2D8FE7061}.Ad-Hoc|x64.Deploy.0 = Release|x64
		{56A98188-0C3D-456C-8617-9BB2D8FE7061}.Ad-Hoc|x86.ActiveCfg = Release|x86
		{56A98188-0C3D-456C-8617-9BB2D8FE7061}.Ad-Hoc|x86.Build.0 = Release|x86
		{56A98188-0C3D-456C-8617-9BB2D8FE7061}.Ad-Hoc|x86.Deploy.0 = Release|x86
		{56A98188-0C3D-456C-8617-9BB2D8FE7061}.AppStore|Any CPU.ActiveCfg = Release|x86
		{56A98188-0C3D-456C-8617-9BB2D8FE7061}.AppStore|Any CPU.Build.0 = Release|x86
		{56A98188-0C3D-456C-8617-9BB2D8FE7061}.AppStore|Any CPU.Deploy.0 = Release|x86
		{56A98188-0C3D-456C-8617-9BB2D8FE7061}.AppStore|ARM.ActiveCfg = Release|ARM
		{56A98188-0C3D-456C-8617-9BB2D8FE7061}.AppStore|ARM.Build.0 = Release|ARM
		{56A98188-0C3D-456C-8617-9BB2D8FE7061}.AppStore|ARM.Deploy.0 = Release|ARM
		{56A98188-0C3D-456C-8617-9BB2D8FE7061}.AppStore|iPhone.ActiveCfg = Release|x86
		{56A98188-0C3D-456C-8617-9BB2D8FE7061}.AppStore|iPhone.Build.0 = Release|x86
		{56A98188-0C3D-456C-8617-9BB2D8FE7061}.AppStore|iPhone.Deploy.0 = Release|x86
		{56A98188-0C3D-456C-8617-9BB2D8FE7061}.AppStore|iPhoneSimulator.ActiveCfg = Release|x86
		{56A98188-0C3D-456C-8617-9BB2D8FE7061}.AppStore|iPhoneSimulator.Build.0 = Release|x86
		{56A98188-0C3D-456C-8617-9BB2D8FE7061}.AppStore|iPhoneSimulator.Deploy.0 = Release|x86
		{56A98188-0C3D-456C-8617-9BB2D8FE7061}.AppStore|x64.ActiveCfg = Release|x64
		{56A98188-0C3D-456C-8617-9BB2D8FE7061}.AppStore|x64.Build.0 = Release|x64
		{56A98188-0C3D-456C-8617-9BB2D8FE7061}.AppStore|x64.Deploy.0 = Release|x64
		{56A98188-0C3D-456C-8617-9BB2D8FE7061}.AppStore|x86.ActiveCfg = Release|x86
		{56A98188-0C3D-456C-8617-9BB2D8FE7061}.AppStore|x86.Build.0 = Release|x86
		{56A98188-0C3D-456C-8617-9BB2D8FE7061}.AppStore|x86.Deploy.0 = Release|x86
		{56A98188-0C3D-456C-8617-9BB2D8FE7061}.Debug|Any CPU.ActiveCfg = Debug|x86
		{56A98188-0C3D-456C-8617-9BB2D8FE7061}.Debug|ARM.ActiveCfg = Debug|ARM
		{56A98188-0C3D-456C-8617-9BB2D8FE7061}.Debug|ARM.Build.0 = Debug|ARM
		{56A98188-0C3D-456C-8617-9BB2D8FE7061}.Debug|ARM.Deploy.0 = Debug|ARM
		{56A98188-0C3D-456C-8617-9BB2D8FE7061}.Debug|iPhone.ActiveCfg = Debug|x86
		{56A98188-0C3D-456C-8617-9BB2D8FE7061}.Debug|iPhoneSimulator.ActiveCfg = Debug|x86
		{56A98188-0C3D-456C-8617-9BB2D8FE7061}.Debug|x64.ActiveCfg = Debug|x64
		{56A98188-0C3D-456C-8617-9BB2D8FE7061}.Debug|x64.Build.0 = Debug|x64
		{56A98188-0C3D-456C-8617-9BB2D8FE7061}.Debug|x64.Deploy.0 = Debug|x64
		{56A98188-0C3D-456C-8617-9BB2D8FE7061}.Debug|x86.ActiveCfg = Debug|x86
		{56A98188-0C3D-456C-8617-9BB2D8FE7061}.Debug|x86.Build.0 = Debug|x86
		{56A98188-0C3D-456C-8617-9BB2D8FE7061}.Debug|x86.Deploy.0 = Debug|x86
		{56A98188-0C3D-456C-8617-9BB2D8FE7061}.Release|Any CPU.ActiveCfg = Release|x86
		{56A98188-0C3D-456C-8617-9BB2D8FE7061}.Release|ARM.ActiveCfg = Release|ARM
		{56A98188-0C3D-456C-8617-9BB2D8FE7061}.Release|ARM.Build.0 = Release|ARM
		{56A98188-0C3D-456C-8617-9BB2D8FE7061}.Release|ARM.Deploy.0 = Release|ARM
		{56A98188-0C3D-456C-8617-9BB2D8FE7061}.Release|iPhone.ActiveCfg = Release|x86
		{56A98188-0C3D-456C-8617-9BB2D8FE7061}.Release|iPhoneSimulator.ActiveCfg = Release|x86
		{56A98188-0C3D-456C-8617-9BB2D8FE7061}.Release|x64.ActiveCfg = Release|x64
		{56A98188-0C3D-456C-8617-9BB2D8FE7061}.Release|x64.Build.0 = Release|x64
		{56A98188-0C3D-456C-8617-9BB2D8FE7061}.Release|x64.Deploy.0 = Release|x64
		{56A98188-0C3D-456C-8617-9BB2D8FE7061}.Release|x86.ActiveCfg = Release|x86
		{56A98188-0C3D-456C-8617-9BB2D8FE7061}.Release|x86.Build.0 = Release|x86
		{56A98188-0C3D-456C-8617-9BB2D8FE7061}.Release|x86.Deploy.0 = Release|x86
		{9C4E80F3-C4E4-4AC2-822F-143AFC11C858}.Ad-Hoc|Any CPU.ActiveCfg = Release|Any CPU
		{9C4E80F3-C4E4-4AC2-822F-143AFC11C858}.Ad-Hoc|Any CPU.Build.0 = Release|Any CPU
		{9C4E80F3-C4E4-4AC2-822F-143AFC11C858}.Ad-Hoc|Any CPU.Deploy.0 = Release|Any CPU
		{9C4E80F3-C4E4-4AC2-822F-143AFC11C858}.Ad-Hoc|ARM.ActiveCfg = Release|ARM
		{9C4E80F3-C4E4-4AC2-822F-143AFC11C858}.Ad-Hoc|ARM.Build.0 = Release|ARM
		{9C4E80F3-C4E4-4AC2-822F-143AFC11C858}.Ad-Hoc|ARM.Deploy.0 = Release|ARM
		{9C4E80F3-C4E4-4AC2-822F-143AFC11C858}.Ad-Hoc|iPhone.ActiveCfg = Release|Any CPU
		{9C4E80F3-C4E4-4AC2-822F-143AFC11C858}.Ad-Hoc|iPhone.Build.0 = Release|Any CPU
		{9C4E80F3-C4E4-4AC2-822F-143AFC11C858}.Ad-Hoc|iPhone.Deploy.0 = Release|Any CPU
		{9C4E80F3-C4E4-4AC2-822F-143AFC11C858}.Ad-Hoc|iPhoneSimulator.ActiveCfg = Release|Any CPU
		{9C4E80F3-C4E4-4AC2-822F-143AFC11C858}.Ad-Hoc|iPhoneSimulator.Build.0 = Release|Any CPU
		{9C4E80F3-C4E4-4AC2-822F-143AFC11C858}.Ad-Hoc|iPhoneSimulator.Deploy.0 = Release|Any CPU
		{9C4E80F3-C4E4-4AC2-822F-143AFC11C858}.Ad-Hoc|x64.ActiveCfg = Release|x64
		{9C4E80F3-C4E4-4AC2-822F-143AFC11C858}.Ad-Hoc|x64.Build.0 = Release|x64
		{9C4E80F3-C4E4-4AC2-822F-143AFC11C858}.Ad-Hoc|x64.Deploy.0 = Release|x64
		{9C4E80F3-C4E4-4AC2-822F-143AFC11C858}.Ad-Hoc|x86.ActiveCfg = Release|x86
		{9C4E80F3-C4E4-4AC2-822F-143AFC11C858}.Ad-Hoc|x86.Build.0 = Release|x86
		{9C4E80F3-C4E4-4AC2-822F-143AFC11C858}.Ad-Hoc|x86.Deploy.0 = Release|x86
		{9C4E80F3-C4E4-4AC2-822F-143AFC11C858}.AppStore|Any CPU.ActiveCfg = Release|Any CPU
		{9C4E80F3-C4E4-4AC2-822F-143AFC11C858}.AppStore|Any CPU.Build.0 = Release|Any CPU
		{9C4E80F3-C4E4-4AC2-822F-143AFC11C858}.AppStore|Any CPU.Deploy.0 = Release|Any CPU
		{9C4E80F3-C4E4-4AC2-822F-143AFC11C858}.AppStore|ARM.ActiveCfg = Release|ARM
		{9C4E80F3-C4E4-4AC2-822F-143AFC11C858}.AppStore|ARM.Build.0 = Release|ARM
		{9C4E80F3-C4E4-4AC2-822F-143AFC11C858}.AppStore|ARM.Deploy.0 = Release|ARM
		{9C4E80F3-C4E4-4AC2-822F-143AFC11C858}.AppStore|iPhone.ActiveCfg = Release|Any CPU
		{9C4E80F3-C4E4-4AC2-822F-143AFC11C858}.AppStore|iPhone.Build.0 = Release|Any CPU
		{9C4E80F3-C4E4-4AC2-822F-143AFC11C858}.AppStore|iPhone.Deploy.0 = Release|Any CPU
		{9C4E80F3-C4E4-4AC2-822F-143AFC11C858}.AppStore|iPhoneSimulator.ActiveCfg = Release|Any CPU
		{9C4E80F3-C4E4-4AC2-822F-143AFC11C858}.AppStore|iPhoneSimulator.Build.0 = Release|Any CPU
		{9C4E80F3-C4E4-4AC2-822F-143AFC11C858}.AppStore|iPhoneSimulator.Deploy.0 = Release|Any CPU
		{9C4E80F3-C4E4-4AC2-822F-143AFC11C858}.AppStore|x64.ActiveCfg = Release|x64
		{9C4E80F3-C4E4-4AC2-822F-143AFC11C858}.AppStore|x64.Build.0 = Release|x64
		{9C4E80F3-C4E4-4AC2-822F-143AFC11C858}.AppStore|x64.Deploy.0 = Release|x64
		{9C4E80F3-C4E4-4AC2-822F-143AFC11C858}.AppStore|x86.ActiveCfg = Release|x86
		{9C4E80F3-C4E4-4AC2-822F-143AFC11C858}.AppStore|x86.Build.0 = Release|x86
		{9C4E80F3-C4E4-4AC2-822F-143AFC11C858}.AppStore|x86.Deploy.0 = Release|x86
		{9C4E80F3-C4E4-4AC2-822F-143AFC11C858}.Debug|Any CPU.ActiveCfg = Debug|Any CPU
		{9C4E80F3-C4E4-4AC2-822F-143AFC11C858}.Debug|Any CPU.Build.0 = Debug|Any CPU
		{9C4E80F3-C4E4-4AC2-822F-143AFC11C858}.Debug|Any CPU.Deploy.0 = Debug|Any CPU
		{9C4E80F3-C4E4-4AC2-822F-143AFC11C858}.Debug|ARM.ActiveCfg = Debug|ARM
		{9C4E80F3-C4E4-4AC2-822F-143AFC11C858}.Debug|ARM.Build.0 = Debug|ARM
		{9C4E80F3-C4E4-4AC2-822F-143AFC11C858}.Debug|ARM.Deploy.0 = Debug|ARM
		{9C4E80F3-C4E4-4AC2-822F-143AFC11C858}.Debug|iPhone.ActiveCfg = Debug|Any CPU
		{9C4E80F3-C4E4-4AC2-822F-143AFC11C858}.Debug|iPhone.Build.0 = Debug|Any CPU
		{9C4E80F3-C4E4-4AC2-822F-143AFC11C858}.Debug|iPhone.Deploy.0 = Debug|Any CPU
		{9C4E80F3-C4E4-4AC2-822F-143AFC11C858}.Debug|iPhoneSimulator.ActiveCfg = Debug|Any CPU
		{9C4E80F3-C4E4-4AC2-822F-143AFC11C858}.Debug|iPhoneSimulator.Build.0 = Debug|Any CPU
		{9C4E80F3-C4E4-4AC2-822F-143AFC11C858}.Debug|iPhoneSimulator.Deploy.0 = Debug|Any CPU
		{9C4E80F3-C4E4-4AC2-822F-143AFC11C858}.Debug|x64.ActiveCfg = Debug|x64
		{9C4E80F3-C4E4-4AC2-822F-143AFC11C858}.Debug|x64.Build.0 = Debug|x64
		{9C4E80F3-C4E4-4AC2-822F-143AFC11C858}.Debug|x64.Deploy.0 = Debug|x64
		{9C4E80F3-C4E4-4AC2-822F-143AFC11C858}.Debug|x86.ActiveCfg = Debug|x86
		{9C4E80F3-C4E4-4AC2-822F-143AFC11C858}.Debug|x86.Build.0 = Debug|x86
		{9C4E80F3-C4E4-4AC2-822F-143AFC11C858}.Debug|x86.Deploy.0 = Debug|x86
		{9C4E80F3-C4E4-4AC2-822F-143AFC11C858}.Release|Any CPU.ActiveCfg = Release|Any CPU
		{9C4E80F3-C4E4-4AC2-822F-143AFC11C858}.Release|Any CPU.Build.0 = Release|Any CPU
		{9C4E80F3-C4E4-4AC2-822F-143AFC11C858}.Release|Any CPU.Deploy.0 = Release|Any CPU
		{9C4E80F3-C4E4-4AC2-822F-143AFC11C858}.Release|ARM.ActiveCfg = Release|ARM
		{9C4E80F3-C4E4-4AC2-822F-143AFC11C858}.Release|ARM.Build.0 = Release|ARM
		{9C4E80F3-C4E4-4AC2-822F-143AFC11C858}.Release|ARM.Deploy.0 = Release|ARM
		{9C4E80F3-C4E4-4AC2-822F-143AFC11C858}.Release|iPhone.ActiveCfg = Release|Any CPU
		{9C4E80F3-C4E4-4AC2-822F-143AFC11C858}.Release|iPhone.Build.0 = Release|Any CPU
		{9C4E80F3-C4E4-4AC2-822F-143AFC11C858}.Release|iPhone.Deploy.0 = Release|Any CPU
		{9C4E80F3-C4E4-4AC2-822F-143AFC11C858}.Release|iPhoneSimulator.ActiveCfg = Release|Any CPU
		{9C4E80F3-C4E4-4AC2-822F-143AFC11C858}.Release|iPhoneSimulator.Build.0 = Release|Any CPU
		{9C4E80F3-C4E4-4AC2-822F-143AFC11C858}.Release|iPhoneSimulator.Deploy.0 = Release|Any CPU
		{9C4E80F3-C4E4-4AC2-822F-143AFC11C858}.Release|x64.ActiveCfg = Release|x64
		{9C4E80F3-C4E4-4AC2-822F-143AFC11C858}.Release|x64.Build.0 = Release|x64
		{9C4E80F3-C4E4-4AC2-822F-143AFC11C858}.Release|x64.Deploy.0 = Release|x64
		{9C4E80F3-C4E4-4AC2-822F-143AFC11C858}.Release|x86.ActiveCfg = Release|x86
		{9C4E80F3-C4E4-4AC2-822F-143AFC11C858}.Release|x86.Build.0 = Release|x86
		{9C4E80F3-C4E4-4AC2-822F-143AFC11C858}.Release|x86.Deploy.0 = Release|x86
		{B115841B-18EE-4778-95F6-FE9DD6BF19EE}.Ad-Hoc|Any CPU.ActiveCfg = Release|Any CPU
		{B115841B-18EE-4778-95F6-FE9DD6BF19EE}.Ad-Hoc|Any CPU.Build.0 = Release|Any CPU
		{B115841B-18EE-4778-95F6-FE9DD6BF19EE}.Ad-Hoc|ARM.ActiveCfg = Release|Any CPU
		{B115841B-18EE-4778-95F6-FE9DD6BF19EE}.Ad-Hoc|ARM.Build.0 = Release|Any CPU
		{B115841B-18EE-4778-95F6-FE9DD6BF19EE}.Ad-Hoc|iPhone.ActiveCfg = Release|Any CPU
		{B115841B-18EE-4778-95F6-FE9DD6BF19EE}.Ad-Hoc|iPhone.Build.0 = Release|Any CPU
		{B115841B-18EE-4778-95F6-FE9DD6BF19EE}.Ad-Hoc|iPhoneSimulator.ActiveCfg = Release|Any CPU
		{B115841B-18EE-4778-95F6-FE9DD6BF19EE}.Ad-Hoc|iPhoneSimulator.Build.0 = Release|Any CPU
		{B115841B-18EE-4778-95F6-FE9DD6BF19EE}.Ad-Hoc|x64.ActiveCfg = Release|Any CPU
		{B115841B-18EE-4778-95F6-FE9DD6BF19EE}.Ad-Hoc|x64.Build.0 = Release|Any CPU
		{B115841B-18EE-4778-95F6-FE9DD6BF19EE}.Ad-Hoc|x86.ActiveCfg = Release|Any CPU
		{B115841B-18EE-4778-95F6-FE9DD6BF19EE}.Ad-Hoc|x86.Build.0 = Release|Any CPU
		{B115841B-18EE-4778-95F6-FE9DD6BF19EE}.AppStore|Any CPU.ActiveCfg = Release|Any CPU
		{B115841B-18EE-4778-95F6-FE9DD6BF19EE}.AppStore|Any CPU.Build.0 = Release|Any CPU
		{B115841B-18EE-4778-95F6-FE9DD6BF19EE}.AppStore|ARM.ActiveCfg = Release|Any CPU
		{B115841B-18EE-4778-95F6-FE9DD6BF19EE}.AppStore|ARM.Build.0 = Release|Any CPU
		{B115841B-18EE-4778-95F6-FE9DD6BF19EE}.AppStore|iPhone.ActiveCfg = Release|Any CPU
		{B115841B-18EE-4778-95F6-FE9DD6BF19EE}.AppStore|iPhone.Build.0 = Release|Any CPU
		{B115841B-18EE-4778-95F6-FE9DD6BF19EE}.AppStore|iPhoneSimulator.ActiveCfg = Release|Any CPU
		{B115841B-18EE-4778-95F6-FE9DD6BF19EE}.AppStore|iPhoneSimulator.Build.0 = Release|Any CPU
		{B115841B-18EE-4778-95F6-FE9DD6BF19EE}.AppStore|x64.ActiveCfg = Release|Any CPU
		{B115841B-18EE-4778-95F6-FE9DD6BF19EE}.AppStore|x64.Build.0 = Release|Any CPU
		{B115841B-18EE-4778-95F6-FE9DD6BF19EE}.AppStore|x86.ActiveCfg = Release|Any CPU
		{B115841B-18EE-4778-95F6-FE9DD6BF19EE}.AppStore|x86.Build.0 = Release|Any CPU
		{B115841B-18EE-4778-95F6-FE9DD6BF19EE}.Debug|Any CPU.ActiveCfg = Debug|Any CPU
		{B115841B-18EE-4778-95F6-FE9DD6BF19EE}.Debug|Any CPU.Build.0 = Debug|Any CPU
		{B115841B-18EE-4778-95F6-FE9DD6BF19EE}.Debug|ARM.ActiveCfg = Debug|Any CPU
		{B115841B-18EE-4778-95F6-FE9DD6BF19EE}.Debug|ARM.Build.0 = Debug|Any CPU
		{B115841B-18EE-4778-95F6-FE9DD6BF19EE}.Debug|iPhone.ActiveCfg = Debug|Any CPU
		{B115841B-18EE-4778-95F6-FE9DD6BF19EE}.Debug|iPhone.Build.0 = Debug|Any CPU
		{B115841B-18EE-4778-95F6-FE9DD6BF19EE}.Debug|iPhoneSimulator.ActiveCfg = Debug|Any CPU
		{B115841B-18EE-4778-95F6-FE9DD6BF19EE}.Debug|iPhoneSimulator.Build.0 = Debug|Any CPU
		{B115841B-18EE-4778-95F6-FE9DD6BF19EE}.Debug|x64.ActiveCfg = Debug|Any CPU
		{B115841B-18EE-4778-95F6-FE9DD6BF19EE}.Debug|x64.Build.0 = Debug|Any CPU
		{B115841B-18EE-4778-95F6-FE9DD6BF19EE}.Debug|x86.ActiveCfg = Debug|Any CPU
		{B115841B-18EE-4778-95F6-FE9DD6BF19EE}.Debug|x86.Build.0 = Debug|Any CPU
		{B115841B-18EE-4778-95F6-FE9DD6BF19EE}.Release|Any CPU.ActiveCfg = Release|Any CPU
		{B115841B-18EE-4778-95F6-FE9DD6BF19EE}.Release|Any CPU.Build.0 = Release|Any CPU
		{B115841B-18EE-4778-95F6-FE9DD6BF19EE}.Release|ARM.ActiveCfg = Release|Any CPU
		{B115841B-18EE-4778-95F6-FE9DD6BF19EE}.Release|ARM.Build.0 = Release|Any CPU
		{B115841B-18EE-4778-95F6-FE9DD6BF19EE}.Release|iPhone.ActiveCfg = Release|Any CPU
		{B115841B-18EE-4778-95F6-FE9DD6BF19EE}.Release|iPhone.Build.0 = Release|Any CPU
		{B115841B-18EE-4778-95F6-FE9DD6BF19EE}.Release|iPhoneSimulator.ActiveCfg = Release|Any CPU
		{B115841B-18EE-4778-95F6-FE9DD6BF19EE}.Release|iPhoneSimulator.Build.0 = Release|Any CPU
		{B115841B-18EE-4778-95F6-FE9DD6BF19EE}.Release|x64.ActiveCfg = Release|Any CPU
		{B115841B-18EE-4778-95F6-FE9DD6BF19EE}.Release|x64.Build.0 = Release|Any CPU
		{B115841B-18EE-4778-95F6-FE9DD6BF19EE}.Release|x86.ActiveCfg = Release|Any CPU
		{B115841B-18EE-4778-95F6-FE9DD6BF19EE}.Release|x86.Build.0 = Release|Any CPU
	EndGlobalSection
	GlobalSection(SolutionProperties) = preSolution
		HideSolutionNode = FALSE
	EndGlobalSection
EndGlobal
